
Microsoft Visual Studio Solution File, Format Version 12.00
# Visual Studio Version 16
VisualStudioVersion = 16.0.30011.22
MinimumVisualStudioVersion = 10.0.40219.1
Project("{FAE04EC0-301F-11D3-BF4B-00C04F79EFBC}") = "BUOI01", "BUOI01\BUOI01.csproj", "{8E63C735-8B77-44CC-BAEF-D1E2C0C09166}"
EndProject
Global
	GlobalSection(SolutionConfigurationPlatforms) = preSolution
		Debug|Any CPU = Debug|Any CPU
		Release|Any CPU = Release|Any CPU
	EndGlobalSection
	GlobalSection(ProjectConfigurationPlatforms) = postSolution
		{8E63C735-8B77-44CC-BAEF-D1E2C0C09166}.Debug|Any CPU.ActiveCfg = Debug|Any CPU
		{8E63C735-8B77-44CC-BAEF-D1E2C0C09166}.Debug|Any CPU.Build.0 = Debug|Any CPU
		{8E63C735-8B77-44CC-BAEF-D1E2C0C09166}.Release|Any CPU.ActiveCfg = Release|Any CPU
		{8E63C735-8B77-44CC-BAEF-D1E2C0C09166}.Release|Any CPU.Build.0 = Release|Any CPU
	EndGlobalSection
	GlobalSection(SolutionProperties) = preSolution
		HideSolutionNode = FALSE
	EndGlobalSection
	GlobalSection(ExtensibilityGlobals) = postSolution
		SolutionGuid = {7DA2901D-F14A-45D8-ABEC-FE800414C0A2}
	EndGlobalSection
EndGlobal
